// !$*UTF8*$!
{
	archiveVersion = 1;
	classes = {
	};
	objectVersion = 46;
	objects = {

/* Begin PBXBuildFile section */
		A7C3C608193CFEF9002AC217 /* Foundation.framework in Frameworks */ = {isa = PBXBuildFile; fileRef = A7C3C607193CFEF9002AC217 /* Foundation.framework */; };
		A7C3C60A193CFEF9002AC217 /* CoreGraphics.framework in Frameworks */ = {isa = PBXBuildFile; fileRef = A7C3C609193CFEF9002AC217 /* CoreGraphics.framework */; };
		A7C3C60C193CFEF9002AC217 /* UIKit.framework in Frameworks */ = {isa = PBXBuildFile; fileRef = A7C3C60B193CFEF9002AC217 /* UIKit.framework */; };
		A7C3C612193CFEF9002AC217 /* InfoPlist.strings in Resources */ = {isa = PBXBuildFile; fileRef = A7C3C610193CFEF9002AC217 /* InfoPlist.strings */; };
		A7C3C614193CFEF9002AC217 /* main.m in Sources */ = {isa = PBXBuildFile; fileRef = A7C3C613193CFEF9002AC217 /* main.m */; };
		A7C3C618193CFEF9002AC217 /* AppDelegate.m in Sources */ = {isa = PBXBuildFile; fileRef = A7C3C617193CFEF9002AC217 /* AppDelegate.m */; };
		A7C3C61B193CFEF9002AC217 /* Main.storyboard in Resources */ = {isa = PBXBuildFile; fileRef = A7C3C619193CFEF9002AC217 /* Main.storyboard */; };
		A7C3C61E193CFEF9002AC217 /* ViewController.m in Sources */ = {isa = PBXBuildFile; fileRef = A7C3C61D193CFEF9002AC217 /* ViewController.m */; };
		A7C3C620193CFEF9002AC217 /* Images.xcassets in Resources */ = {isa = PBXBuildFile; fileRef = A7C3C61F193CFEF9002AC217 /* Images.xcassets */; };
		A7C3C627193CFEF9002AC217 /* XCTest.framework in Frameworks */ = {isa = PBXBuildFile; fileRef = A7C3C626193CFEF9002AC217 /* XCTest.framework */; };
		A7C3C628193CFEF9002AC217 /* Foundation.framework in Frameworks */ = {isa = PBXBuildFile; fileRef = A7C3C607193CFEF9002AC217 /* Foundation.framework */; };
		A7C3C629193CFEF9002AC217 /* UIKit.framework in Frameworks */ = {isa = PBXBuildFile; fileRef = A7C3C60B193CFEF9002AC217 /* UIKit.framework */; };
		A7C3C631193CFEF9002AC217 /* InfoPlist.strings in Resources */ = {isa = PBXBuildFile; fileRef = A7C3C62F193CFEF9002AC217 /* InfoPlist.strings */; };
		A7C3C633193CFEF9002AC217 /* RedBlueGreenTests.m in Sources */ = {isa = PBXBuildFile; fileRef = A7C3C632193CFEF9002AC217 /* RedBlueGreenTests.m */; };
/* End PBXBuildFile section */

/* Begin PBXContainerItemProxy section */
		A7C3C62A193CFEF9002AC217 /* PBXContainerItemProxy */ = {
			isa = PBXContainerItemProxy;
			containerPortal = A7C3C5FC193CFEF9002AC217 /* Project object */;
			proxyType = 1;
			remoteGlobalIDString = A7C3C603193CFEF9002AC217;
			remoteInfo = RedBlueGreen;
		};
/* End PBXContainerItemProxy section */

/* Begin PBXFileReference section */
		A7C3C604193CFEF9002AC217 /* RedBlueGreen.app */ = {isa = PBXFileReference; explicitFileType = wrapper.application; includeInIndex = 0; path = RedBlueGreen.app; sourceTree = BUILT_PRODUCTS_DIR; };
		A7C3C607193CFEF9002AC217 /* Foundation.framework */ = {isa = PBXFileReference; lastKnownFileType = wrapper.framework; name = Foundation.framework; path = System/Library/Frameworks/Foundation.framework; sourceTree = SDKROOT; };
		A7C3C609193CFEF9002AC217 /* CoreGraphics.framework */ = {isa = PBXFileReference; lastKnownFileType = wrapper.framework; name = CoreGraphics.framework; path = System/Library/Frameworks/CoreGraphics.framework; sourceTree = SDKROOT; };
		A7C3C60B193CFEF9002AC217 /* UIKit.framework */ = {isa = PBXFileReference; lastKnownFileType = wrapper.framework; name = UIKit.framework; path = System/Library/Frameworks/UIKit.framework; sourceTree = SDKROOT; };
		A7C3C60F193CFEF9002AC217 /* RedBlueGreen-Info.plist */ = {isa = PBXFileReference; lastKnownFileType = text.plist.xml; path = "RedBlueGreen-Info.plist"; sourceTree = "<group>"; };
		A7C3C611193CFEF9002AC217 /* en */ = {isa = PBXFileReference; lastKnownFileType = text.plist.strings; name = en; path = en.lproj/InfoPlist.strings; sourceTree = "<group>"; };
		A7C3C613193CFEF9002AC217 /* main.m */ = {isa = PBXFileReference; lastKnownFileType = sourcecode.c.objc; path = main.m; sourceTree = "<group>"; };
		A7C3C615193CFEF9002AC217 /* RedBlueGreen-Prefix.pch */ = {isa = PBXFileReference; lastKnownFileType = sourcecode.c.h; path = "RedBlueGreen-Prefix.pch"; sourceTree = "<group>"; };
		A7C3C616193CFEF9002AC217 /* AppDelegate.h */ = {isa = PBXFileReference; lastKnownFileType = sourcecode.c.h; path = AppDelegate.h; sourceTree = "<group>"; };
		A7C3C617193CFEF9002AC217 /* AppDelegate.m */ = {isa = PBXFileReference; lastKnownFileType = sourcecode.c.objc; path = AppDelegate.m; sourceTree = "<group>"; };
		A7C3C61A193CFEF9002AC217 /* Base */ = {isa = PBXFileReference; lastKnownFileType = file.storyboard; name = Base; path = Base.lproj/Main.storyboard; sourceTree = "<group>"; };
		A7C3C61C193CFEF9002AC217 /* ViewController.h */ = {isa = PBXFileReference; lastKnownFileType = sourcecode.c.h; path = ViewController.h; sourceTree = "<group>"; };
		A7C3C61D193CFEF9002AC217 /* ViewController.m */ = {isa = PBXFileReference; lastKnownFileType = sourcecode.c.objc; path = ViewController.m; sourceTree = "<group>"; };
		A7C3C61F193CFEF9002AC217 /* Images.xcassets */ = {isa = PBXFileReference; lastKnownFileType = folder.assetcatalog; path = Images.xcassets; sourceTree = "<group>"; };
		A7C3C625193CFEF9002AC217 /* RedBlueGreenTests.xctest */ = {isa = PBXFileReference; explicitFileType = wrapper.cfbundle; includeInIndex = 0; path = RedBlueGreenTests.xctest; sourceTree = BUILT_PRODUCTS_DIR; };
		A7C3C626193CFEF9002AC217 /* XCTest.framework */ = {isa = PBXFileReference; lastKnownFileType = wrapper.framework; name = XCTest.framework; path = Library/Frameworks/XCTest.framework; sourceTree = DEVELOPER_DIR; };
		A7C3C62E193CFEF9002AC217 /* RedBlueGreenTests-Info.plist */ = {isa = PBXFileReference; lastKnownFileType = text.plist.xml; path = "RedBlueGreenTests-Info.plist"; sourceTree = "<group>"; };
		A7C3C630193CFEF9002AC217 /* en */ = {isa = PBXFileReference; lastKnownFileType = text.plist.strings; name = en; path = en.lproj/InfoPlist.strings; sourceTree = "<group>"; };
		A7C3C632193CFEF9002AC217 /* RedBlueGreenTests.m */ = {isa = PBXFileReference; lastKnownFileType = sourcecode.c.objc; path = RedBlueGreenTests.m; sourceTree = "<group>"; };
/* End PBXFileReference section */

/* Begin PBXFrameworksBuildPhase section */
		A7C3C601193CFEF9002AC217 /* Frameworks */ = {
			isa = PBXFrameworksBuildPhase;
			buildActionMask = 2147483647;
			files = (
				A7C3C60A193CFEF9002AC217 /* CoreGraphics.framework in Frameworks */,
				A7C3C60C193CFEF9002AC217 /* UIKit.framework in Frameworks */,
				A7C3C608193CFEF9002AC217 /* Foundation.framework in Frameworks */,
			);
			runOnlyForDeploymentPostprocessing = 0;
		};
		A7C3C622193CFEF9002AC217 /* Frameworks */ = {
			isa = PBXFrameworksBuildPhase;
			buildActionMask = 2147483647;
			files = (
				A7C3C627193CFEF9002AC217 /* XCTest.framework in Frameworks */,
				A7C3C629193CFEF9002AC217 /* UIKit.framework in Frameworks */,
				A7C3C628193CFEF9002AC217 /* Foundation.framework in Frameworks */,
			);
			runOnlyForDeploymentPostprocessing = 0;
		};
/* End PBXFrameworksBuildPhase section */

/* Begin PBXGroup section */
		A7C3C5FB193CFEF9002AC217 = {
			isa = PBXGroup;
			children = (
				A7C3C60D193CFEF9002AC217 /* RedBlueGreen */,
				A7C3C62C193CFEF9002AC217 /* RedBlueGreenTests */,
				A7C3C606193CFEF9002AC217 /* Frameworks */,
				A7C3C605193CFEF9002AC217 /* Products */,
			);
			sourceTree = "<group>";
		};
		A7C3C605193CFEF9002AC217 /* Products */ = {
			isa = PBXGroup;
			children = (
				A7C3C604193CFEF9002AC217 /* RedBlueGreen.app */,
				A7C3C625193CFEF9002AC217 /* RedBlueGreenTests.xctest */,
			);
			name = Products;
			sourceTree = "<group>";
		};
		A7C3C606193CFEF9002AC217 /* Frameworks */ = {
			isa = PBXGroup;
			children = (
				A7C3C607193CFEF9002AC217 /* Foundation.framework */,
				A7C3C609193CFEF9002AC217 /* CoreGraphics.framework */,
				A7C3C60B193CFEF9002AC217 /* UIKit.framework */,
				A7C3C626193CFEF9002AC217 /* XCTest.framework */,
			);
			name = Frameworks;
			sourceTree = "<group>";
		};
		A7C3C60D193CFEF9002AC217 /* RedBlueGreen */ = {
			isa = PBXGroup;
			children = (
				A7C3C616193CFEF9002AC217 /* AppDelegate.h */,
				A7C3C617193CFEF9002AC217 /* AppDelegate.m */,
				A7C3C619193CFEF9002AC217 /* Main.storyboard */,
				A7C3C61C193CFEF9002AC217 /* ViewController.h */,
				A7C3C61D193CFEF9002AC217 /* ViewController.m */,
				A7C3C61F193CFEF9002AC217 /* Images.xcassets */,
				A7C3C60E193CFEF9002AC217 /* Supporting Files */,
			);
			path = RedBlueGreen;
			sourceTree = "<group>";
		};
		A7C3C60E193CFEF9002AC217 /* Supporting Files */ = {
			isa = PBXGroup;
			children = (
				A7C3C60F193CFEF9002AC217 /* RedBlueGreen-Info.plist */,
				A7C3C610193CFEF9002AC217 /* InfoPlist.strings */,
				A7C3C613193CFEF9002AC217 /* main.m */,
				A7C3C615193CFEF9002AC217 /* RedBlueGreen-Prefix.pch */,
			);
			name = "Supporting Files";
			sourceTree = "<group>";
		};
		A7C3C62C193CFEF9002AC217 /* RedBlueGreenTests */ = {
			isa = PBXGroup;
			children = (
				A7C3C632193CFEF9002AC217 /* RedBlueGreenTests.m */,
				A7C3C62D193CFEF9002AC217 /* Supporting Files */,
			);
			path = RedBlueGreenTests;
			sourceTree = "<group>";
		};
		A7C3C62D193CFEF9002AC217 /* Supporting Files */ = {
			isa = PBXGroup;
			children = (
				A7C3C62E193CFEF9002AC217 /* RedBlueGreenTests-Info.plist */,
				A7C3C62F193CFEF9002AC217 /* InfoPlist.strings */,
			);
			name = "Supporting Files";
			sourceTree = "<group>";
		};
/* End PBXGroup section */

/* Begin PBXNativeTarget section */
		A7C3C603193CFEF9002AC217 /* RedBlueGreen */ = {
			isa = PBXNativeTarget;
			buildConfigurationList = A7C3C636193CFEF9002AC217 /* Build configuration list for PBXNativeTarget "RedBlueGreen" */;
			buildPhases = (
				A7C3C600193CFEF9002AC217 /* Sources */,
				A7C3C601193CFEF9002AC217 /* Frameworks */,
				A7C3C602193CFEF9002AC217 /* Resources */,
			);
			buildRules = (
			);
			dependencies = (
			);
			name = RedBlueGreen;
			productName = RedBlueGreen;
			productReference = A7C3C604193CFEF9002AC217 /* RedBlueGreen.app */;
			productType = "com.apple.product-type.application";
		};
		A7C3C624193CFEF9002AC217 /* RedBlueGreenTests */ = {
			isa = PBXNativeTarget;
			buildConfigurationList = A7C3C639193CFEF9002AC217 /* Build configuration list for PBXNativeTarget "RedBlueGreenTests" */;
			buildPhases = (
				A7C3C621193CFEF9002AC217 /* Sources */,
				A7C3C622193CFEF9002AC217 /* Frameworks */,
				A7C3C623193CFEF9002AC217 /* Resources */,
			);
			buildRules = (
			);
			dependencies = (
				A7C3C62B193CFEF9002AC217 /* PBXTargetDependency */,
			);
			name = RedBlueGreenTests;
			productName = RedBlueGreenTests;
			productReference = A7C3C625193CFEF9002AC217 /* RedBlueGreenTests.xctest */;
			productType = "com.apple.product-type.bundle.unit-test";
		};
/* End PBXNativeTarget section */

/* Begin PBXProject section */
		A7C3C5FC193CFEF9002AC217 /* Project object */ = {
			isa = PBXProject;
			attributes = {
				LastUpgradeCheck = 0510;
				ORGANIZATIONNAME = "Omar Thanawalla";
				TargetAttributes = {
					A7C3C624193CFEF9002AC217 = {
						TestTargetID = A7C3C603193CFEF9002AC217;
					};
				};
			};
			buildConfigurationList = A7C3C5FF193CFEF9002AC217 /* Build configuration list for PBXProject "RedBlueGreen" */;
			compatibilityVersion = "Xcode 3.2";
			developmentRegion = English;
			hasScannedForEncodings = 0;
			knownRegions = (
				en,
				Base,
			);
			mainGroup = A7C3C5FB193CFEF9002AC217;
			productRefGroup = A7C3C605193CFEF9002AC217 /* Products */;
			projectDirPath = "";
			projectRoot = "";
			targets = (
				A7C3C603193CFEF9002AC217 /* RedBlueGreen */,
				A7C3C624193CFEF9002AC217 /* RedBlueGreenTests */,
			);
		};
/* End PBXProject section */

/* Begin PBXResourcesBuildPhase section */
		A7C3C602193CFEF9002AC217 /* Resources */ = {
			isa = PBXResourcesBuildPhase;
			buildActionMask = 2147483647;
			files = (
				A7C3C620193CFEF9002AC217 /* Images.xcassets in Resources */,
				A7C3C612193CFEF9002AC217 /* InfoPlist.strings in Resources */,
				A7C3C61B193CFEF9002AC217 /* Main.storyboard in Resources */,
			);
			runOnlyForDeploymentPostprocessing = 0;
		};
		A7C3C623193CFEF9002AC217 /* Resources */ = {
			isa = PBXResourcesBuildPhase;
			buildActionMask = 2147483647;
			files = (
				A7C3C631193CFEF9002AC217 /* InfoPlist.strings in Resources */,
			);
			runOnlyForDeploymentPostprocessing = 0;
		};
/* End PBXResourcesBuildPhase section */

/* Begin PBXSourcesBuildPhase section */
		A7C3C600193CFEF9002AC217 /* Sources */ = {
			isa = PBXSourcesBuildPhase;
			buildActionMask = 2147483647;
			files = (
				A7C3C61E193CFEF9002AC217 /* ViewController.m in Sources */,
				A7C3C618193CFEF9002AC217 /* AppDelegate.m in Sources */,
				A7C3C614193CFEF9002AC217 /* main.m in Sources */,
			);
			runOnlyForDeploymentPostprocessing = 0;
		};
		A7C3C621193CFEF9002AC217 /* Sources */ = {
			isa = PBXSourcesBuildPhase;
			buildActionMask = 2147483647;
			files = (
				A7C3C633193CFEF9002AC217 /* RedBlueGreenTests.m in Sources */,
			);
			runOnlyForDeploymentPostprocessing = 0;
		};
/* End PBXSourcesBuildPhase section */

/* Begin PBXTargetDependency section */
		A7C3C62B193CFEF9002AC217 /* PBXTargetDependency */ = {
			isa = PBXTargetDependency;
			target = A7C3C603193CFEF9002AC217 /* RedBlueGreen */;
			targetProxy = A7C3C62A193CFEF9002AC217 /* PBXContainerItemProxy */;
		};
/* End PBXTargetDependency section */

/* Begin PBXVariantGroup section */
		A7C3C610193CFEF9002AC217 /* InfoPlist.strings */ = {
			isa = PBXVariantGroup;
			children = (
				A7C3C611193CFEF9002AC217 /* en */,
			);
			name = InfoPlist.strings;
			sourceTree = "<group>";
		};
		A7C3C619193CFEF9002AC217 /* Main.storyboard */ = {
			isa = PBXVariantGroup;
			children = (
				A7C3C61A193CFEF9002AC217 /* Base */,
			);
			name = Main.storyboard;
			sourceTree = "<group>";
		};
		A7C3C62F193CFEF9002AC217 /* InfoPlist.strings */ = {
			isa = PBXVariantGroup;
			children = (
				A7C3C630193CFEF9002AC217 /* en */,
			);
			name = InfoPlist.strings;
			sourceTree = "<group>";
		};
/* End PBXVariantGroup section */

/* Begin XCBuildConfiguration section */
		A7C3C634193CFEF9002AC217 /* Debug */ = {
			isa = XCBuildConfiguration;
			buildSettings = {
				ALWAYS_SEARCH_USER_PATHS = NO;
				CLANG_CXX_LANGUAGE_STANDARD = "gnu++0x";
				CLANG_CXX_LIBRARY = "libc++";
				CLANG_ENABLE_MODULES = YES;
				CLANG_ENABLE_OBJC_ARC = YES;
				CLANG_WARN_BOOL_CONVERSION = YES;
				CLANG_WARN_CONSTANT_CONVERSION = YES;
				CLANG_WARN_DIRECT_OBJC_ISA_USAGE = YES_ERROR;
				CLANG_WARN_EMPTY_BODY = YES;
				CLANG_WARN_ENUM_CONVERSION = YES;
				CLANG_WARN_INT_CONVERSION = YES;
				CLANG_WARN_OBJC_ROOT_CLASS = YES_ERROR;
				CLANG_WARN__DUPLICATE_METHOD_MATCH = YES;
				"CODE_SIGN_IDENTITY[sdk=iphoneos*]" = "iPhone Developer";
				COPY_PHASE_STRIP = NO;
				GCC_C_LANGUAGE_STANDARD = gnu99;
				GCC_DYNAMIC_NO_PIC = NO;
				GCC_OPTIMIZATION_LEVEL = 0;
				GCC_PREPROCESSOR_DEFINITIONS = (
					"DEBUG=1",
					"$(inherited)",
				);
				GCC_SYMBOLS_PRIVATE_EXTERN = NO;
				GCC_WARN_64_TO_32_BIT_CONVERSION = YES;
				GCC_WARN_ABOUT_RETURN_TYPE = YES_ERROR;
				GCC_WARN_UNDECLARED_SELECTOR = YES;
				GCC_WARN_UNINITIALIZED_AUTOS = YES_AGGRESSIVE;
				GCC_WARN_UNUSED_FUNCTION = YES;
				GCC_WARN_UNUSED_VARIABLE = YES;
				IPHONEOS_DEPLOYMENT_TARGET = 7.1;
				ONLY_ACTIVE_ARCH = YES;
				SDKROOT = iphoneos;
			};
			name = Debug;
		};
		A7C3C635193CFEF9002AC217 /* Release */ = {
			isa = XCBuildConfiguration;
			buildSettings = {
				ALWAYS_SEARCH_USER_PATHS = NO;
				CLANG_CXX_LANGUAGE_STANDARD = "gnu++0x";
				CLANG_CXX_LIBRARY = "libc++";
				CLANG_ENABLE_MODULES = YES;
				CLANG_ENABLE_OBJC_ARC = YES;
				CLANG_WARN_BOOL_CONVERSION = YES;
				CLANG_WARN_CONSTANT_CONVERSION = YES;
				CLANG_WARN_DIRECT_OBJC_ISA_USAGE = YES_ERROR;
				CLANG_WARN_EMPTY_BODY = YES;
				CLANG_WARN_ENUM_CONVERSION = YES;
				CLANG_WARN_INT_CONVERSION = YES;
				CLANG_WARN_OBJC_ROOT_CLASS = YES_ERROR;
				CLANG_WARN__DUPLICATE_METHOD_MATCH = YES;
				"CODE_SIGN_IDENTITY[sdk=iphoneos*]" = "iPhone Developer";
				COPY_PHASE_STRIP = YES;
				ENABLE_NS_ASSERTIONS = NO;
				GCC_C_LANGUAGE_STANDARD = gnu99;
				GCC_WARN_64_TO_32_BIT_CONVERSION = YES;
				GCC_WARN_ABOUT_RETURN_TYPE = YES_ERROR;
				GCC_WARN_UNDECLARED_SELECTOR = YES;
				GCC_WARN_UNINITIALIZED_AUTOS = YES_AGGRESSIVE;
				GCC_WARN_UNUSED_FUNCTION = YES;
				GCC_WARN_UNUSED_VARIABLE = YES;
				IPHONEOS_DEPLOYMENT_TARGET = 7.1;
				SDKROOT = iphoneos;
				VALIDATE_PRODUCT = YES;
			};
			name = Release;
		};
		A7C3C637193CFEF9002AC217 /* Debug */ = {
			isa = XCBuildConfiguration;
			buildSettings = {
				ASSETCATALOG_COMPILER_APPICON_NAME = AppIcon;
				ASSETCATALOG_COMPILER_LAUNCHIMAGE_NAME = LaunchImage;
				GCC_PRECOMPILE_PREFIX_HEADER = YES;
				GCC_PREFIX_HEADER = "RedBlueGreen/RedBlueGreen-Prefix.pch";
				INFOPLIST_FILE = "RedBlueGreen/RedBlueGreen-Info.plist";
				PRODUCT_NAME = "$(TARGET_NAME)";
				WRAPPER_EXTENSION = app;
			};
			name = Debug;
		};
		A7C3C638193CFEF9002AC217 /* Release */ = {
			isa = XCBuildConfiguration;
			buildSettings = {
				ASSETCATALOG_COMPILER_APPICON_NAME = AppIcon;
				ASSETCATALOG_COMPILER_LAUNCHIMAGE_NAME = LaunchImage;
				GCC_PRECOMPILE_PREFIX_HEADER = YES;
				GCC_PREFIX_HEADER = "RedBlueGreen/RedBlueGreen-Prefix.pch";
				INFOPLIST_FILE = "RedBlueGreen/RedBlueGreen-Info.plist";
				PRODUCT_NAME = "$(TARGET_NAME)";
				WRAPPER_EXTENSION = app;
			};
			name = Release;
		};
		A7C3C63A193CFEF9002AC217 /* Debug */ = {
			isa = XCBuildConfiguration;
			buildSettings = {
				BUNDLE_LOADER = "$(BUILT_PRODUCTS_DIR)/RedBlueGreen.app/RedBlueGreen";
				FRAMEWORK_SEARCH_PATHS = (
					"$(SDKROOT)/Developer/Library/Frameworks",
					"$(inherited)",
					"$(DEVELOPER_FRAMEWORKS_DIR)",
				);
				GCC_PRECOMPILE_PREFIX_HEADER = YES;
				GCC_PREFIX_HEADER = "RedBlueGreen/RedBlueGreen-Prefix.pch";
				GCC_PREPROCESSOR_DEFINITIONS = (
					"DEBUG=1",
					"$(inherited)",
				);
				INFOPLIST_FILE = "RedBlueGreenTests/RedBlueGreenTests-Info.plist";
				PRODUCT_NAME = "$(TARGET_NAME)";
				TEST_HOST = "$(BUNDLE_LOADER)";
				WRAPPER_EXTENSION = xctest;
			};
			name = Debug;
		};
		A7C3C63B193CFEF9002AC217 /* Release */ = {
			isa = XCBuildConfiguration;
			buildSettings = {
				BUNDLE_LOADER = "$(BUILT_PRODUCTS_DIR)/RedBlueGreen.app/RedBlueGreen";
				FRAMEWORK_SEARCH_PATHS = (
					"$(SDKROOT)/Developer/Library/Frameworks",
					"$(inherited)",
					"$(DEVELOPER_FRAMEWORKS_DIR)",
				);
				GCC_PRECOMPILE_PREFIX_HEADER = YES;
				GCC_PREFIX_HEADER = "RedBlueGreen/RedBlueGreen-Prefix.pch";
				INFOPLIST_FILE = "RedBlueGreenTests/RedBlueGreenTests-Info.plist";
				PRODUCT_NAME = "$(TARGET_NAME)";
				TEST_HOST = "$(BUNDLE_LOADER)";
				WRAPPER_EXTENSION = xctest;
			};
			name = Release;
		};
/* End XCBuildConfiguration section */

/* Begin XCConfigurationList section */
		A7C3C5FF193CFEF9002AC217 /* Build configuration list for PBXProject "RedBlueGreen" */ = {
			isa = XCConfigurationList;
			buildConfigurations = (
				A7C3C634193CFEF9002AC217 /* Debug */,
				A7C3C635193CFEF9002AC217 /* Release */,
			);
			defaultConfigurationIsVisible = 0;
			defaultConfigurationName = Release;
		};
		A7C3C636193CFEF9002AC217 /* Build configuration list for PBXNativeTarget "RedBlueGreen" */ = {
			isa = XCConfigurationList;
			buildConfigurations = (
				A7C3C637193CFEF9002AC217 /* Debug */,
				A7C3C638193CFEF9002AC217 /* Release */,
			);
			defaultConfigurationIsVisible = 0;
		};
		A7C3C639193CFEF9002AC217 /* Build configuration list for PBXNativeTarget "RedBlueGreenTests" */ = {
			isa = XCConfigurationList;
			buildConfigurations = (
				A7C3C63A193CFEF9002AC217 /* Debug */,
				A7C3C63B193CFEF9002AC217 /* Release */,
			);
			defaultConfigurationIsVisible = 0;
		};
/* End XCConfigurationList section */
	};
	rootObject = A7C3C5FC193CFEF9002AC217 /* Project object */;
}
